// !$*UTF8*$!
{
	archiveVersion = 1;
	classes = {
	};
	objectVersion = 51;
	objects = {

/* Begin PBXBuildFile section */
		5557F0F622E5D8E7003598E2 /* City.swift in Sources */ = {isa = PBXBuildFile; fileRef = 5557F0F522E5D8E7003598E2 /* City.swift */; };
		559E274822DF691900F83C38 /* AppDelegate.swift in Sources */ = {isa = PBXBuildFile; fileRef = 559E274722DF691900F83C38 /* AppDelegate.swift */; };
		559E274A22DF691900F83C38 /* HomeVC.swift in Sources */ = {isa = PBXBuildFile; fileRef = 559E274922DF691900F83C38 /* HomeVC.swift */; };
		559E274D22DF691900F83C38 /* Main.storyboard in Resources */ = {isa = PBXBuildFile; fileRef = 559E274B22DF691900F83C38 /* Main.storyboard */; };
		559E274F22DF691E00F83C38 /* Assets.xcassets in Resources */ = {isa = PBXBuildFile; fileRef = 559E274E22DF691E00F83C38 /* Assets.xcassets */; };
		559E275222DF691E00F83C38 /* LaunchScreen.storyboard in Resources */ = {isa = PBXBuildFile; fileRef = 559E275022DF691E00F83C38 /* LaunchScreen.storyboard */; };
		559E276022DF80DC00F83C38 /* LocationDownloader.swift in Sources */ = {isa = PBXBuildFile; fileRef = 559E275F22DF80DC00F83C38 /* LocationDownloader.swift */; };
		559E276222DF80E700F83C38 /* WeatherDownloader.swift in Sources */ = {isa = PBXBuildFile; fileRef = 559E276122DF80E700F83C38 /* WeatherDownloader.swift */; };
		559E276522DF923300F83C38 /* Double.swift in Sources */ = {isa = PBXBuildFile; fileRef = 559E276422DF923300F83C38 /* Double.swift */; };
		F0D4B914308915004CA5FAA0 /* Pods_WeatherApp.framework in Frameworks */ = {isa = PBXBuildFile; fileRef = 0C81D633A329671C5465ECE5 /* Pods_WeatherApp.framework */; };
/* End PBXBuildFile section */

/* Begin PBXFileReference section */
		0233E0D68E142A4F935C6CDC /* Pods-WeatherApp.debug.xcconfig */ = {isa = PBXFileReference; includeInIndex = 1; lastKnownFileType = text.xcconfig; name = "Pods-WeatherApp.debug.xcconfig"; path = "Target Support Files/Pods-WeatherApp/Pods-WeatherApp.debug.xcconfig"; sourceTree = "<group>"; };
		0C81D633A329671C5465ECE5 /* Pods_WeatherApp.framework */ = {isa = PBXFileReference; explicitFileType = wrapper.framework; includeInIndex = 0; path = Pods_WeatherApp.framework; sourceTree = BUILT_PRODUCTS_DIR; };
		2FF191647BFA90469B73567B /* Pods-WeatherApp.release.xcconfig */ = {isa = PBXFileReference; includeInIndex = 1; lastKnownFileType = text.xcconfig; name = "Pods-WeatherApp.release.xcconfig"; path = "Target Support Files/Pods-WeatherApp/Pods-WeatherApp.release.xcconfig"; sourceTree = "<group>"; };
		5557F0F522E5D8E7003598E2 /* City.swift */ = {isa = PBXFileReference; lastKnownFileType = sourcecode.swift; path = City.swift; sourceTree = "<group>"; };
		559E274422DF691900F83C38 /* WeatherApp.app */ = {isa = PBXFileReference; explicitFileType = wrapper.application; includeInIndex = 0; path = WeatherApp.app; sourceTree = BUILT_PRODUCTS_DIR; };
		559E274722DF691900F83C38 /* AppDelegate.swift */ = {isa = PBXFileReference; lastKnownFileType = sourcecode.swift; path = AppDelegate.swift; sourceTree = "<group>"; };
		559E274922DF691900F83C38 /* HomeVC.swift */ = {isa = PBXFileReference; lastKnownFileType = sourcecode.swift; path = HomeVC.swift; sourceTree = "<group>"; };
		559E274C22DF691900F83C38 /* Base */ = {isa = PBXFileReference; lastKnownFileType = file.storyboard; name = Base; path = Base.lproj/Main.storyboard; sourceTree = "<group>"; };
		559E274E22DF691E00F83C38 /* Assets.xcassets */ = {isa = PBXFileReference; lastKnownFileType = folder.assetcatalog; path = Assets.xcassets; sourceTree = "<group>"; };
		559E275122DF691E00F83C38 /* Base */ = {isa = PBXFileReference; lastKnownFileType = file.storyboard; name = Base; path = Base.lproj/LaunchScreen.storyboard; sourceTree = "<group>"; };
		559E275322DF691E00F83C38 /* Info.plist */ = {isa = PBXFileReference; lastKnownFileType = text.plist.xml; path = Info.plist; sourceTree = "<group>"; };
		559E275F22DF80DC00F83C38 /* LocationDownloader.swift */ = {isa = PBXFileReference; lastKnownFileType = sourcecode.swift; path = LocationDownloader.swift; sourceTree = "<group>"; };
		559E276122DF80E700F83C38 /* WeatherDownloader.swift */ = {isa = PBXFileReference; lastKnownFileType = sourcecode.swift; path = WeatherDownloader.swift; sourceTree = "<group>"; };
		559E276422DF923300F83C38 /* Double.swift */ = {isa = PBXFileReference; lastKnownFileType = sourcecode.swift; path = Double.swift; sourceTree = "<group>"; };
/* End PBXFileReference section */

/* Begin PBXFrameworksBuildPhase section */
		559E274122DF691900F83C38 /* Frameworks */ = {
			isa = PBXFrameworksBuildPhase;
			buildActionMask = 2147483647;
			files = (
				F0D4B914308915004CA5FAA0 /* Pods_WeatherApp.framework in Frameworks */,
			);
			runOnlyForDeploymentPostprocessing = 0;
		};
/* End PBXFrameworksBuildPhase section */

/* Begin PBXGroup section */
		0A2444CC4FA91B6331428FF0 /* Pods */ = {
			isa = PBXGroup;
			children = (
				0233E0D68E142A4F935C6CDC /* Pods-WeatherApp.debug.xcconfig */,
				2FF191647BFA90469B73567B /* Pods-WeatherApp.release.xcconfig */,
			);
			path = Pods;
			sourceTree = "<group>";
		};
		559E273B22DF691900F83C38 = {
			isa = PBXGroup;
			children = (
				559E274622DF691900F83C38 /* WeatherApp */,
				559E274522DF691900F83C38 /* Products */,
				0A2444CC4FA91B6331428FF0 /* Pods */,
				AC262F1A4A1A67806B646ADE /* Frameworks */,
			);
			sourceTree = "<group>";
		};
		559E274522DF691900F83C38 /* Products */ = {
			isa = PBXGroup;
			children = (
				559E274422DF691900F83C38 /* WeatherApp.app */,
			);
			name = Products;
			sourceTree = "<group>";
		};
		559E274622DF691900F83C38 /* WeatherApp */ = {
			isa = PBXGroup;
			children = (
				559E276322DF922400F83C38 /* Extensions */,
				559E275C22DF7FBE00F83C38 /* Supporting Files */,
				559E275B22DF7FB000F83C38 /* Model */,
				559E275A22DF7FAC00F83C38 /* Controllers */,
				559E275922DF7FA700F83C38 /* View */,
				559E274722DF691900F83C38 /* AppDelegate.swift */,
				559E275322DF691E00F83C38 /* Info.plist */,
			);
			path = WeatherApp;
			sourceTree = "<group>";
		};
		559E275922DF7FA700F83C38 /* View */ = {
			isa = PBXGroup;
			children = (
				559E274B22DF691900F83C38 /* Main.storyboard */,
			);
			path = View;
			sourceTree = "<group>";
		};
		559E275A22DF7FAC00F83C38 /* Controllers */ = {
			isa = PBXGroup;
			children = (
				559E274922DF691900F83C38 /* HomeVC.swift */,
			);
			path = Controllers;
			sourceTree = "<group>";
		};
		559E275B22DF7FB000F83C38 /* Model */ = {
			isa = PBXGroup;
			children = (
				559E275F22DF80DC00F83C38 /* LocationDownloader.swift */,
				559E276122DF80E700F83C38 /* WeatherDownloader.swift */,
				5557F0F522E5D8E7003598E2 /* City.swift */,
			);
			path = Model;
			sourceTree = "<group>";
		};
		559E275C22DF7FBE00F83C38 /* Supporting Files */ = {
			isa = PBXGroup;
			children = (
				559E275022DF691E00F83C38 /* LaunchScreen.storyboard */,
				559E274E22DF691E00F83C38 /* Assets.xcassets */,
			);
			path = "Supporting Files";
			sourceTree = "<group>";
		};
		559E276322DF922400F83C38 /* Extensions */ = {
			isa = PBXGroup;
			children = (
				559E276422DF923300F83C38 /* Double.swift */,
			);
			path = Extensions;
			sourceTree = "<group>";
		};
		AC262F1A4A1A67806B646ADE /* Frameworks */ = {
			isa = PBXGroup;
			children = (
				0C81D633A329671C5465ECE5 /* Pods_WeatherApp.framework */,
			);
			name = Frameworks;
			sourceTree = "<group>";
		};
/* End PBXGroup section */

/* Begin PBXNativeTarget section */
		559E274322DF691900F83C38 /* WeatherApp */ = {
			isa = PBXNativeTarget;
			buildConfigurationList = 559E275622DF691E00F83C38 /* Build configuration list for PBXNativeTarget "WeatherApp" */;
			buildPhases = (
				9E92A1639EFA2A2287F4BCB6 /* [CP] Check Pods Manifest.lock */,
				559E274022DF691900F83C38 /* Sources */,
				559E274122DF691900F83C38 /* Frameworks */,
				559E274222DF691900F83C38 /* Resources */,
				A728CF8EE737936E7C157079 /* [CP] Embed Pods Frameworks */,
			);
			buildRules = (
			);
			dependencies = (
			);
			name = WeatherApp;
			productName = WeatherApp;
			productReference = 559E274422DF691900F83C38 /* WeatherApp.app */;
			productType = "com.apple.product-type.application";
		};
/* End PBXNativeTarget section */

/* Begin PBXProject section */
		559E273C22DF691900F83C38 /* Project object */ = {
			isa = PBXProject;
			attributes = {
				LastSwiftUpdateCheck = 1020;
				LastUpgradeCheck = 1020;
				ORGANIZATIONNAME = "Daniil KOZYR";
				TargetAttributes = {
					559E274322DF691900F83C38 = {
						CreatedOnToolsVersion = 10.2.1;
					};
				};
			};
			buildConfigurationList = 559E273F22DF691900F83C38 /* Build configuration list for PBXProject "WeatherApp" */;
			compatibilityVersion = "Xcode 9.3";
			developmentRegion = en;
			hasScannedForEncodings = 0;
			knownRegions = (
				en,
				Base,
			);
			mainGroup = 559E273B22DF691900F83C38;
			productRefGroup = 559E274522DF691900F83C38 /* Products */;
			projectDirPath = "";
			projectRoot = "";
			targets = (
				559E274322DF691900F83C38 /* WeatherApp */,
			);
		};
/* End PBXProject section */

/* Begin PBXResourcesBuildPhase section */
		559E274222DF691900F83C38 /* Resources */ = {
			isa = PBXResourcesBuildPhase;
			buildActionMask = 2147483647;
			files = (
				559E275222DF691E00F83C38 /* LaunchScreen.storyboard in Resources */,
				559E274F22DF691E00F83C38 /* Assets.xcassets in Resources */,
				559E274D22DF691900F83C38 /* Main.storyboard in Resources */,
			);
			runOnlyForDeploymentPostprocessing = 0;
		};
/* End PBXResourcesBuildPhase section */

/* Begin PBXShellScriptBuildPhase section */
		9E92A1639EFA2A2287F4BCB6 /* [CP] Check Pods Manifest.lock */ = {
			isa = PBXShellScriptBuildPhase;
			buildActionMask = 2147483647;
			files = (
			);
			inputFileListPaths = (
			);
			inputPaths = (
				"${PODS_PODFILE_DIR_PATH}/Podfile.lock",
				"${PODS_ROOT}/Manifest.lock",
			);
			name = "[CP] Check Pods Manifest.lock";
			outputFileListPaths = (
			);
			outputPaths = (
				"$(DERIVED_FILE_DIR)/Pods-WeatherApp-checkManifestLockResult.txt",
			);
			runOnlyForDeploymentPostprocessing = 0;
			shellPath = /bin/sh;
			shellScript = "diff \"${PODS_PODFILE_DIR_PATH}/Podfile.lock\" \"${PODS_ROOT}/Manifest.lock\" > /dev/null\nif [ $? != 0 ] ; then\n    # print error to STDERR\n    echo \"error: The sandbox is not in sync with the Podfile.lock. Run 'pod install' or update your CocoaPods installation.\" >&2\n    exit 1\nfi\n# This output is used by Xcode 'outputs' to avoid re-running this script phase.\necho \"SUCCESS\" > \"${SCRIPT_OUTPUT_FILE_0}\"\n";
			showEnvVarsInLog = 0;
		};
		A728CF8EE737936E7C157079 /* [CP] Embed Pods Frameworks */ = {
			isa = PBXShellScriptBuildPhase;
			buildActionMask = 2147483647;
			files = (
			);
			inputFileListPaths = (
				"${PODS_ROOT}/Target Support Files/Pods-WeatherApp/Pods-WeatherApp-frameworks-${CONFIGURATION}-input-files.xcfilelist",
			);
			name = "[CP] Embed Pods Frameworks";
			outputFileListPaths = (
				"${PODS_ROOT}/Target Support Files/Pods-WeatherApp/Pods-WeatherApp-frameworks-${CONFIGURATION}-output-files.xcfilelist",
			);
			runOnlyForDeploymentPostprocessing = 0;
			shellPath = /bin/sh;
			shellScript = "\"${PODS_ROOT}/Target Support Files/Pods-WeatherApp/Pods-WeatherApp-frameworks.sh\"\n";
			showEnvVarsInLog = 0;
		};
/* End PBXShellScriptBuildPhase section */

/* Begin PBXSourcesBuildPhase section */
		559E274022DF691900F83C38 /* Sources */ = {
			isa = PBXSourcesBuildPhase;
			buildActionMask = 2147483647;
			files = (
				559E274A22DF691900F83C38 /* HomeVC.swift in Sources */,
				559E276222DF80E700F83C38 /* WeatherDownloader.swift in Sources */,
				5557F0F622E5D8E7003598E2 /* City.swift in Sources */,
				559E274822DF691900F83C38 /* AppDelegate.swift in Sources */,
				559E276522DF923300F83C38 /* Double.swift in Sources */,
				559E276022DF80DC00F83C38 /* LocationDownloader.swift in Sources */,
			);
			runOnlyForDeploymentPostprocessing = 0;
		};
/* End PBXSourcesBuildPhase section */

/* Begin PBXVariantGroup section */
		559E274B22DF691900F83C38 /* Main.storyboard */ = {
			isa = PBXVariantGroup;
			children = (
				559E274C22DF691900F83C38 /* Base */,
			);
			name = Main.storyboard;
			sourceTree = "<group>";
		};
		559E275022DF691E00F83C38 /* LaunchScreen.storyboard */ = {
			isa = PBXVariantGroup;
			children = (
				559E275122DF691E00F83C38 /* Base */,
			);
			name = LaunchScreen.storyboard;
			sourceTree = "<group>";
		};
/* End PBXVariantGroup section */

/* Begin XCBuildConfiguration section */
		559E275422DF691E00F83C38 /* Debug */ = {
			isa = XCBuildConfiguration;
			buildSettings = {
				ALWAYS_SEARCH_USER_PATHS = NO;
				CLANG_ANALYZER_NONNULL = YES;
				CLANG_ANALYZER_NUMBER_OBJECT_CONVERSION = YES_AGGRESSIVE;
				CLANG_CXX_LANGUAGE_STANDARD = "gnu++14";
				CLANG_CXX_LIBRARY = "libc++";
				CLANG_ENABLE_MODULES = YES;
				CLANG_ENABLE_OBJC_ARC = YES;
				CLANG_ENABLE_OBJC_WEAK = YES;
				CLANG_WARN_BLOCK_CAPTURE_AUTORELEASING = YES;
				CLANG_WARN_BOOL_CONVERSION = YES;
				CLANG_WARN_COMMA = YES;
				CLANG_WARN_CONSTANT_CONVERSION = YES;
				CLANG_WARN_DEPRECATED_OBJC_IMPLEMENTATIONS = YES;
				CLANG_WARN_DIRECT_OBJC_ISA_USAGE = YES_ERROR;
				CLANG_WARN_DOCUMENTATION_COMMENTS = YES;
				CLANG_WARN_EMPTY_BODY = YES;
				CLANG_WARN_ENUM_CONVERSION = YES;
				CLANG_WARN_INFINITE_RECURSION = YES;
				CLANG_WARN_INT_CONVERSION = YES;
				CLANG_WARN_NON_LITERAL_NULL_CONVERSION = YES;
				CLANG_WARN_OBJC_IMPLICIT_RETAIN_SELF = YES;
				CLANG_WARN_OBJC_LITERAL_CONVERSION = YES;
				CLANG_WARN_OBJC_ROOT_CLASS = YES_ERROR;
				CLANG_WARN_RANGE_LOOP_ANALYSIS = YES;
				CLANG_WARN_STRICT_PROTOTYPES = YES;
				CLANG_WARN_SUSPICIOUS_MOVE = YES;
				CLANG_WARN_UNGUARDED_AVAILABILITY = YES_AGGRESSIVE;
				CLANG_WARN_UNREACHABLE_CODE = YES;
				CLANG_WARN__DUPLICATE_METHOD_MATCH = YES;
				CODE_SIGN_IDENTITY = "iPhone Developer";
				COPY_PHASE_STRIP = NO;
				DEBUG_INFORMATION_FORMAT = dwarf;
				ENABLE_STRICT_OBJC_MSGSEND = YES;
				ENABLE_TESTABILITY = YES;
				GCC_C_LANGUAGE_STANDARD = gnu11;
				GCC_DYNAMIC_NO_PIC = NO;
				GCC_NO_COMMON_BLOCKS = YES;
				GCC_OPTIMIZATION_LEVEL = 0;
				GCC_PREPROCESSOR_DEFINITIONS = (
					"DEBUG=1",
					"$(inherited)",
				);
				GCC_WARN_64_TO_32_BIT_CONVERSION = YES;
				GCC_WARN_ABOUT_RETURN_TYPE = YES_ERROR;
				GCC_WARN_UNDECLARED_SELECTOR = YES;
				GCC_WARN_UNINITIALIZED_AUTOS = YES_AGGRESSIVE;
				GCC_WARN_UNUSED_FUNCTION = YES;
				GCC_WARN_UNUSED_VARIABLE = YES;
				IPHONEOS_DEPLOYMENT_TARGET = 12.2;
				MTL_ENABLE_DEBUG_INFO = INCLUDE_SOURCE;
				MTL_FAST_MATH = YES;
				ONLY_ACTIVE_ARCH = YES;
				SDKROOT = iphoneos;
				SWIFT_ACTIVE_COMPILATION_CONDITIONS = DEBUG;
				SWIFT_OPTIMIZATION_LEVEL = "-Onone";
			};
			name = Debug;
		};
		559E275522DF691E00F83C38 /* Release */ = {
			isa = XCBuildConfiguration;
			buildSettings = {
				ALWAYS_SEARCH_USER_PATHS = NO;
				CLANG_ANALYZER_NONNULL = YES;
				CLANG_ANALYZER_NUMBER_OBJECT_CONVERSION = YES_AGGRESSIVE;
				CLANG_CXX_LANGUAGE_STANDARD = "gnu++14";
				CLANG_CXX_LIBRARY = "libc++";
				CLANG_ENABLE_MODULES = YES;
				CLANG_ENABLE_OBJC_ARC = YES;
				CLANG_ENABLE_OBJC_WEAK = YES;
				CLANG_WARN_BLOCK_CAPTURE_AUTORELEASING = YES;
				CLANG_WARN_BOOL_CONVERSION = YES;
				CLANG_WARN_COMMA = YES;
				CLANG_WARN_CONSTANT_CONVERSION = YES;
				CLANG_WARN_DEPRECATED_OBJC_IMPLEMENTATIONS = YES;
				CLANG_WARN_DIRECT_OBJC_ISA_USAGE = YES_ERROR;
				CLANG_WARN_DOCUMENTATION_COMMENTS = YES;
				CLANG_WARN_EMPTY_BODY = YES;
				CLANG_WARN_ENUM_CONVERSION = YES;
				CLANG_WARN_INFINITE_RECURSION = YES;
				CLANG_WARN_INT_CONVERSION = YES;
				CLANG_WARN_NON_LITERAL_NULL_CONVERSION = YES;
				CLANG_WARN_OBJC_IMPLICIT_RETAIN_SELF = YES;
				CLANG_WARN_OBJC_LITERAL_CONVERSION = YES;
				CLANG_WARN_OBJC_ROOT_CLASS = YES_ERROR;
				CLANG_WARN_RANGE_LOOP_ANALYSIS = YES;
				CLANG_WARN_STRICT_PROTOTYPES = YES;
				CLANG_WARN_SUSPICIOUS_MOVE = YES;
				CLANG_WARN_UNGUARDED_AVAILABILITY = YES_AGGRESSIVE;
				CLANG_WARN_UNREACHABLE_CODE = YES;
				CLANG_WARN__DUPLICATE_METHOD_MATCH = YES;
				CODE_SIGN_IDENTITY = "iPhone Developer";
				COPY_PHASE_STRIP = NO;
				DEBUG_INFORMATION_FORMAT = "dwarf-with-dsym";
				ENABLE_NS_ASSERTIONS = NO;
				ENABLE_STRICT_OBJC_MSGSEND = YES;
				GCC_C_LANGUAGE_STANDARD = gnu11;
				GCC_NO_COMMON_BLOCKS = YES;
				GCC_WARN_64_TO_32_BIT_CONVERSION = YES;
				GCC_WARN_ABOUT_RETURN_TYPE = YES_ERROR;
				GCC_WARN_UNDECLARED_SELECTOR = YES;
				GCC_WARN_UNINITIALIZED_AUTOS = YES_AGGRESSIVE;
				GCC_WARN_UNUSED_FUNCTION = YES;
				GCC_WARN_UNUSED_VARIABLE = YES;
				IPHONEOS_DEPLOYMENT_TARGET = 12.2;
				MTL_ENABLE_DEBUG_INFO = NO;
				MTL_FAST_MATH = YES;
				SDKROOT = iphoneos;
				SWIFT_COMPILATION_MODE = wholemodule;
				SWIFT_OPTIMIZATION_LEVEL = "-O";
				VALIDATE_PRODUCT = YES;
			};
			name = Release;
		};
		559E275722DF691E00F83C38 /* Debug */ = {
			isa = XCBuildConfiguration;
			baseConfigurationReference = 0233E0D68E142A4F935C6CDC /* Pods-WeatherApp.debug.xcconfig */;
			buildSettings = {
				ASSETCATALOG_COMPILER_APPICON_NAME = AppIcon;
				CODE_SIGN_STYLE = Automatic;
				DEVELOPMENT_TEAM = 8TWS8D7QH8;
				INFOPLIST_FILE = WeatherApp/Info.plist;
				LD_RUNPATH_SEARCH_PATHS = (
					"$(inherited)",
					"@executable_path/Frameworks",
				);
				PRODUCT_BUNDLE_IDENTIFIER = dkozyr.WeatherApp;
				PRODUCT_NAME = "$(TARGET_NAME)";
				SWIFT_VERSION = 5.0;
				TARGETED_DEVICE_FAMILY = "1,2";
			};
			name = Debug;
		};
		559E275822DF691E00F83C38 /* Release */ = {
			isa = XCBuildConfiguration;
			baseConfigurationReference = 2FF191647BFA90469B73567B /* Pods-WeatherApp.release.xcconfig */;
			buildSettings = {
				ASSETCATALOG_COMPILER_APPICON_NAME = AppIcon;
				CODE_SIGN_STYLE = Automatic;
				DEVELOPMENT_TEAM = 8TWS8D7QH8;
				INFOPLIST_FILE = WeatherApp/Info.plist;
				LD_RUNPATH_SEARCH_PATHS = (
					"$(inherited)",
					"@executable_path/Frameworks",
				);
				PRODUCT_BUNDLE_IDENTIFIER = dkozyr.WeatherApp;
				PRODUCT_NAME = "$(TARGET_NAME)";
				SWIFT_VERSION = 5.0;
				TARGETED_DEVICE_FAMILY = "1,2";
			};
			name = Release;
		};
/* End XCBuildConfiguration section */

/* Begin XCConfigurationList section */
		559E273F22DF691900F83C38 /* Build configuration list for PBXProject "WeatherApp" */ = {
			isa = XCConfigurationList;
			buildConfigurations = (
				559E275422DF691E00F83C38 /* Debug */,
				559E275522DF691E00F83C38 /* Release */,
			);
			defaultConfigurationIsVisible = 0;
			defaultConfigurationName = Release;
		};
		559E275622DF691E00F83C38 /* Build configuration list for PBXNativeTarget "WeatherApp" */ = {
			isa = XCConfigurationList;
			buildConfigurations = (
				559E275722DF691E00F83C38 /* Debug */,
				559E275822DF691E00F83C38 /* Release */,
			);
			defaultConfigurationIsVisible = 0;
			defaultConfigurationName = Release;
		};
/* End XCConfigurationList section */
	};
	rootObject = 559E273C22DF691900F83C38 /* Project object */;
}
